github.com/bicomsystems/go-libzfs v0.3.4-0.20210120103208-f957d22f5c47 h1:Z5A4xYh+tbYAJD1AQRVAX0e9pPprHAgSso1+Qv3w6HM=
github.com/bicomsystems/go-libzfs v0.3.4-0.20210120103208-f957d22f5c47/go.mod h1:/ABUjxseIy72AxJV8ROgSfeZ5YA8/ZSp1mMzfDKi0Mw=
github.com/golang/glog v1.0.0 h1:nfP3RFugxnNRyKgeWd4oI1nYvXpxrx8ck8ZrcizshdQ=
github.com/golang/glog v1.0.0/go.mod h1:EWib/APOK0SL3dFbYqvxE3UYd8E6s1ouQ7iEp/0LWV4=
github.com/google/go-cmp v0.5.8 h1:e6P7q2lk1O+qJJb4BtCQXlK8vWEO8V1ZeuEdJNOqZyg=
github.com/google/go-cmp v0.5.8/go.mod h1:17dUlkBOakJ0+DkrSSNjCkIjxS6bF9zb3elmeNGIjoY=
github.com/moby/sys/mountinfo v0.5.0 h1:2Ks8/r6lopsxWi9m58nlwjaeSzUX9iiL1vj5qB/9ObI=
github.com/moby/sys/mountinfo v0.5.0/go.mod h1:3bMD3Rg+zkqx8MRYPi7Pyb0Ie97QEBmdxbhnCLlSvSU=
golang.org/x/sys v0.0.0-20211025201205-69cdffdb9359/go.mod h1:oPkhp1MJrh7nUepCBck5+mAzfO9JrbApNNgaTdGDITg=
golang.org/x/sys v0.1.0 h1:kunALQeHf1/185U1i0GOB/fy1IPRDDpuoOOqRReG57U=
golang.org/x/sys v0.1.0/go.mod h1:oPkhp1MJrh7nUepCBck5+mAzfO9JrbApNNgaTdGDITg=
