github.com/bicomsystems/go-libzfs v0.3.4-0.20210120103208-f957d22f5c47 h1:Z5A4xYh+tbYAJD1AQRVAX0e9pPprHAgSso1+Qv3w6HM=
github.com/bicomsystems/go-libzfs v0.3.4-0.20210120103208-f957d22f5c47/go.mod h1:/ABUjxseIy72AxJV8ROgSfeZ5YA8/ZSp1mMzfDKi0Mw=
github.com/google/go-cmp v0.5.8 h1:e6P7q2lk1O+qJJb4BtCQXlK8vWEO8V1ZeuEdJNOqZyg=
github.com/google/go-cmp v0.5.8/go.mod h1:17dUlkBOakJ0+DkrSSNjCkIjxS6bF9zb3elmeNGIjoY=
github.com/moby/sys/mountinfo v0.5.0 h1:2Ks8/r6lopsxWi9m58nlwjaeSzUX9iiL1vj5qB/9ObI=
github.com/moby/sys/mountinfo v0.5.0/go.mod h1:3bMD3Rg+zkqx8MRYPi7Pyb0Ie97QEBmdxbhnCLlSvSU=
golang.org/x/sys v0.0.0-20211025201205-69cdffdb9359 h1:2B5p2L5IfGiD7+b9BOoRMC6DgObAVZV+Fsp050NqXik=
golang.org/x/sys v0.0.0-20211025201205-69cdffdb9359/go.mod h1:oPkhp1MJrh7nUepCBck5+mAzfO9JrbApNNgaTdGDITg=
