github.com/bicomsystems/go-libzfs v0.3.4-0.20210120103208-f957d22f5c47 h1:Z5A4xYh+tbYAJD1AQRVAX0e9pPprHAgSso1+Qv3w6HM=
github.com/bicomsystems/go-libzfs v0.3.4-0.20210120103208-f957d22f5c47/go.mod h1:/ABUjxseIy72AxJV8ROgSfeZ5YA8/ZSp1mMzfDKi0Mw=
github.com/google/go-cmp v0.6.0 h1:ofyhxvXcZhMsU5ulbFiLKl/XBFqE1GSq7atu8tAmTRI=
github.com/google/go-cmp v0.6.0/go.mod h1:17dUlkBOakJ0+DkrSSNjCkIjxS6bF9zb3elmeNGIjoY=
